
Microsoft Visual Studio Solution File, Format Version 12.00
# Visual Studio Version 16
VisualStudioVersion = 16.0.33529.622
MinimumVisualStudioVersion = 10.0.40219.1
Project("{8BC9CEB8-8B4A-11D0-8D11-00A0C91BC942}") = "Lab_2_Prog_Modification", "Lab_2_Prog_Modification\Lab_2_Prog_Modification.vcxproj", "{F4AACF52-CCB5-4D3B-8DF1-56E1F27D3D7C}"
EndProject
Global
	GlobalSection(SolutionConfigurationPlatforms) = preSolution
		Debug|x64 = Debug|x64
		Debug|x86 = Debug|x86
		Release|x64 = Release|x64
		Release|x86 = Release|x86
	EndGlobalSection
	GlobalSection(ProjectConfigurationPlatforms) = postSolution
		{F4AACF52-CCB5-4D3B-8DF1-56E1F27D3D7C}.Debug|x64.ActiveCfg = Debug|x64
		{F4AACF52-CCB5-4D3B-8DF1-56E1F27D3D7C}.Debug|x64.Build.0 = Debug|x64
		{F4AACF52-CCB5-4D3B-8DF1-56E1F27D3D7C}.Debug|x86.ActiveCfg = Debug|Win32
		{F4AACF52-CCB5-4D3B-8DF1-56E1F27D3D7C}.Debug|x86.Build.0 = Debug|Win32
		{F4AACF52-CCB5-4D3B-8DF1-56E1F27D3D7C}.Release|x64.ActiveCfg = Release|x64
		{F4AACF52-CCB5-4D3B-8DF1-56E1F27D3D7C}.Release|x64.Build.0 = Release|x64
		{F4AACF52-CCB5-4D3B-8DF1-56E1F27D3D7C}.Release|x86.ActiveCfg = Release|Win32
		{F4AACF52-CCB5-4D3B-8DF1-56E1F27D3D7C}.Release|x86.Build.0 = Release|Win32
	EndGlobalSection
	GlobalSection(SolutionProperties) = preSolution
		HideSolutionNode = FALSE
	EndGlobalSection
	GlobalSection(ExtensibilityGlobals) = postSolution
		SolutionGuid = {8BDE54B4-C11B-4174-BCB3-2E5A45C3A068}
	EndGlobalSection
EndGlobal
